
Microsoft Visual Studio Solution File, Format Version 12.00
# Visual Studio Version 16
VisualStudioVersion = 16.0.29920.165
MinimumVisualStudioVersion = 10.0.40219.1
Project("{FAE04EC0-301F-11D3-BF4B-00C04F79EFBC}") = "﻿Exercício 1", "﻿Exercício 1\﻿Exercício 1.csproj", "{EC84D0DB-3B2F-4D63-992C-442C097A30CE}"
EndProject
Global
	GlobalSection(SolutionConfigurationPlatforms) = preSolution
		Debug|Any CPU = Debug|Any CPU
		Release|Any CPU = Release|Any CPU
	EndGlobalSection
	GlobalSection(ProjectConfigurationPlatforms) = postSolution
		{EC84D0DB-3B2F-4D63-992C-442C097A30CE}.Debug|Any CPU.ActiveCfg = Debug|Any CPU
		{EC84D0DB-3B2F-4D63-992C-442C097A30CE}.Debug|Any CPU.Build.0 = Debug|Any CPU
		{EC84D0DB-3B2F-4D63-992C-442C097A30CE}.Release|Any CPU.ActiveCfg = Release|Any CPU
		{EC84D0DB-3B2F-4D63-992C-442C097A30CE}.Release|Any CPU.Build.0 = Release|Any CPU
	EndGlobalSection
	GlobalSection(SolutionProperties) = preSolution
		HideSolutionNode = FALSE
	EndGlobalSection
	GlobalSection(ExtensibilityGlobals) = postSolution
		SolutionGuid = {7CAF69F9-8315-4E3E-8FAB-95061C124506}
	EndGlobalSection
EndGlobal
